{
  "name": "@agent-army/paperclip-content-autonomy",
  "version": "0.4.9",
  "lockfileVersion": 3,
  "requires": true,
  "packages": {
    "": {
      "name": "@agent-army/paperclip-content-autonomy",
      "version": "0.4.9",
      "dependencies": {
        "@paperclipai/plugin-sdk": "2026.722.0",
        "@paperclipai/shared": "2026.722.0"
      }
    },
    "node_modules/@paperclipai/plugin-sdk": {
      "version": "2026.722.0",
      "resolved": "https://registry.npmmirror.com/@paperclipai/plugin-sdk/-/plugin-sdk-2026.722.0.tgz",
      "integrity": "sha512-2rMJCBo8ZAouuMsapdaY4/l+oHmrXKHW/k/HfPOLCxFng7+g04c5JhoFq+/ptGfNcW3kXzs34y7brviDCml06Q==",
      "license": "MIT",
      "dependencies": {
        "@paperclipai/shared": "2026.722.0",
        "zod": "^3.24.2"
      },
      "bin": {
        "paperclip-plugin-dev-server": "dist/dev-cli.js"
      },
      "peerDependencies": {
        "react": ">=18"
      },
      "peerDependenciesMeta": {
        "react": {
          "optional": true
        }
      }
    },
    "node_modules/@paperclipai/shared": {
      "version": "2026.722.0",
      "resolved": "https://registry.npmmirror.com/@paperclipai/shared/-/shared-2026.722.0.tgz",
      "integrity": "sha512-JciI6EbtNwHSeoyN5ZkshwqpyfIluyO46JHp8I7pPCvpJ7Uv7MSZEBs3lKXdXLadFEN6qzfwNmf39xjIFC8isA==",
      "license": "MIT",
      "dependencies": {
        "zod": "^3.24.2"
      }
    },
    "node_modules/zod": {
      "version": "3.25.76",
      "resolved": "https://registry.npmmirror.com/zod/-/zod-3.25.76.tgz",
      "integrity": "sha512-gzUt/qt81nXsFGKIFcC3YnfEAx5NkunCfnDlvuBSSFS02bcXu4Lmea0AFIUwbLWxWPx3d9p8S5QoaujKcNQxcQ==",
      "license": "MIT",
      "funding": {
        "url": "https://github.com/sponsors/colinhacks"
      }
    }
  }
}
